{
  "name": "c15e4b19a90d9797",
  "lockfileVersion": 3,
  "requires": true,
  "packages": {
    "": {
      "dependencies": {
        "expo-doctor": "^1.18.15-canary-20260327-0789fbc"
      }
    },
    "node_modules/expo-doctor": {
      "version": "1.18.15-canary-20260327-0789fbc",
      "resolved": "https://registry.npmjs.org/expo-doctor/-/expo-doctor-1.18.15-canary-20260327-0789fbc.tgz",
      "integrity": "sha512-ng9uQN5kIgvkGkYncndrdNtP4QAI4dIGljPKzpZyLonuRHnJQsIehsr5qAb8XKXLI6QFN3UUWqGb1ZJhGjCOfA==",
      "license": "MIT",
      "bin": {
        "expo-doctor": "build/index.js"
      }
    }
  }
}
